schema: '2.0'
stages:
  mystage:
    cmd: python train.py
    deps:
    - path: train.py
      md5: bfc0776c1862fec773cfcfbbbe81bf2b
      size: 893
    outs:
    - path: loss.csv
      md5: cf1a868b25399e2297b78bc5aa14de7a
      size: 789
    - path: metrics.json
      md5: 687410f1373a2b092a161b3626818f94
      size: 84
