schema: '2.0'
stages:
  mystage:
    cmd: python train.py
    deps:
    - path: train.py
      md5: d43f00e35df816f3bd1840ed03c430af
      size: 893
    outs:
    - path: loss.csv
      md5: f0ab3a5c4c2284b3287d1ab05cba3969
      size: 243
    - path: metrics.json
      md5: b04d0ca7ba9945e89e41853be130d557
      size: 84
